
Microsoft Visual Studio Solution File, Format Version 12.00
# Visual Studio Version 16
VisualStudioVersion = 16.0.30804.86
MinimumVisualStudioVersion = 10.0.40219.1
Project("{FAE04EC0-301F-11D3-BF4B-00C04F79EFBC}") = "SmoothTranscode", "SmoothTranscode\SmoothTranscode.csproj", "{2BE418FC-333A-4726-9A38-B5A456D222B7}"
	ProjectSection(ProjectDependencies) = postProject
		{A6468F09-0572-486D-B4DF-8E05E787A70F} = {A6468F09-0572-486D-B4DF-8E05E787A70F}
		{D57466BE-97D8-41DA-89B5-D43FBF06B18F} = {D57466BE-97D8-41DA-89B5-D43FBF06B18F}
	EndProjectSection
EndProject
Project("{FAE04EC0-301F-11D3-BF4B-00C04F79EFBC}") = "Help", "Help\Help.csproj", "{A6468F09-0572-486D-B4DF-8E05E787A70F}"
EndProject
Project("{FAE04EC0-301F-11D3-BF4B-00C04F79EFBC}") = "Renderers", "Renderers\Renderers.csproj", "{78000272-E0DD-4B99-8DAA-34C1A01F22DB}"
EndProject
Project("{FAE04EC0-301F-11D3-BF4B-00C04F79EFBC}") = "LinkLabel2", "LinkLabel2\LinkLabel2.csproj", "{D57466BE-97D8-41DA-89B5-D43FBF06B18F}"
EndProject
Project("{FAE04EC0-301F-11D3-BF4B-00C04F79EFBC}") = "Windows7ProgressBar", "Windows7ProgressBar\Windows7ProgressBar.csproj", "{7C2CCE0A-A288-4869-A7B7-CC0D18AF3B8C}"
EndProject
Project("{2150E333-8FDC-42A3-9474-1A3956D46DE8}") = "Solution Items", "Solution Items", "{DBB47E20-42A0-45A7-BE50-6F58F7CE5B4C}"
	ProjectSection(SolutionItems) = preProject
		.editorconfig = .editorconfig
		.gitattributes = .gitattributes
		.gitignore = .gitignore
		Changelog.md = Changelog.md
		Installer\DotNetVer.nsh = Installer\DotNetVer.nsh
		LICENSE.md = LICENSE.md
		native-build.sh = native-build.sh
		README.md = README.md
		Installer\Setup.nsi = Installer\Setup.nsi
	EndProjectSection
EndProject
Project("{D954291E-2A0B-460D-934E-DC6B0785DB48}") = "SmoothTranscode.Shared", "SmoothTranscode.Shared\SmoothTranscode.Shared.shproj", "{23B12C60-46A5-4129-B578-10124FFDE7CF}"
EndProject
Project("{FAE04EC0-301F-11D3-BF4B-00C04F79EFBC}") = "SmoothTranscode.Mac", "SmoothTranscode.Mac\SmoothTranscode.Mac.csproj", "{45831BFC-9E0D-4530-B6B9-200E9D1494A1}"
EndProject
Project("{C7167F0D-BC9F-4E6E-AFE1-012C56B48DB5}") = "SmoothTranscode.Windows.Package", "SmoothTranscode.Windows.Package\SmoothTranscode.Windows.Package.wapproj", "{DA4B99ED-C495-4EA6-A87A-056C979F69CF}"
EndProject
Project("{9A19103F-16F7-4668-BE54-9A1E7A4F7556}") = "SmoothTranscode.Windows", "SmoothTranscode.Windows\SmoothTranscode.Windows.csproj", "{F708285D-F7E3-4A97-9ECB-905E294BD2EA}"
EndProject
Global
	GlobalSection(SharedMSBuildProjectFiles) = preSolution
		SmoothTranscode.Shared\SmoothTranscode.Shared.projitems*{23b12c60-46a5-4129-b578-10124ffde7cf}*SharedItemsImports = 13
		SmoothTranscode.Shared\SmoothTranscode.Shared.projitems*{45831bfc-9e0d-4530-b6b9-200e9d1494a1}*SharedItemsImports = 4
		SmoothTranscode.Shared\SmoothTranscode.Shared.projitems*{f708285d-f7e3-4a97-9ecb-905e294bd2ea}*SharedItemsImports = 5
	EndGlobalSection
	GlobalSection(SolutionConfigurationPlatforms) = preSolution
		Debug|Any CPU = Debug|Any CPU
		Debug|arm64 = Debug|arm64
		Debug|Mixed Platforms = Debug|Mixed Platforms
		Debug|x64 = Debug|x64
		Debug|x86 = Debug|x86
		Release|Any CPU = Release|Any CPU
		Release|arm64 = Release|arm64
		Release|Mixed Platforms = Release|Mixed Platforms
		Release|x64 = Release|x64
		Release|x86 = Release|x86
	EndGlobalSection
	GlobalSection(ProjectConfigurationPlatforms) = postSolution
		{2BE418FC-333A-4726-9A38-B5A456D222B7}.Debug|Any CPU.ActiveCfg = Debug|Any CPU
		{2BE418FC-333A-4726-9A38-B5A456D222B7}.Debug|Any CPU.Build.0 = Debug|Any CPU
		{2BE418FC-333A-4726-9A38-B5A456D222B7}.Debug|arm64.ActiveCfg = Debug|Any CPU
		{2BE418FC-333A-4726-9A38-B5A456D222B7}.Debug|Mixed Platforms.ActiveCfg = Debug|Any CPU
		{2BE418FC-333A-4726-9A38-B5A456D222B7}.Debug|Mixed Platforms.Build.0 = Debug|Any CPU
		{2BE418FC-333A-4726-9A38-B5A456D222B7}.Debug|x64.ActiveCfg = Debug|Any CPU
		{2BE418FC-333A-4726-9A38-B5A456D222B7}.Debug|x86.ActiveCfg = Debug|Any CPU
		{2BE418FC-333A-4726-9A38-B5A456D222B7}.Release|Any CPU.ActiveCfg = Release|Any CPU
		{2BE418FC-333A-4726-9A38-B5A456D222B7}.Release|Any CPU.Build.0 = Release|Any CPU
		{2BE418FC-333A-4726-9A38-B5A456D222B7}.Release|arm64.ActiveCfg = Release|Any CPU
		{2BE418FC-333A-4726-9A38-B5A456D222B7}.Release|Mixed Platforms.ActiveCfg = Release|Any CPU
		{2BE418FC-333A-4726-9A38-B5A456D222B7}.Release|Mixed Platforms.Build.0 = Release|Any CPU
		{2BE418FC-333A-4726-9A38-B5A456D222B7}.Release|x64.ActiveCfg = Release|Any CPU
		{2BE418FC-333A-4726-9A38-B5A456D222B7}.Release|x86.ActiveCfg = Release|Any CPU
		{A6468F09-0572-486D-B4DF-8E05E787A70F}.Debug|Any CPU.ActiveCfg = Debug|Any CPU
		{A6468F09-0572-486D-B4DF-8E05E787A70F}.Debug|Any CPU.Build.0 = Debug|Any CPU
		{A6468F09-0572-486D-B4DF-8E05E787A70F}.Debug|arm64.ActiveCfg = Debug|Any CPU
		{A6468F09-0572-486D-B4DF-8E05E787A70F}.Debug|Mixed Platforms.ActiveCfg = Debug|Any CPU
		{A6468F09-0572-486D-B4DF-8E05E787A70F}.Debug|Mixed Platforms.Build.0 = Debug|Any CPU
		{A6468F09-0572-486D-B4DF-8E05E787A70F}.Debug|x64.ActiveCfg = Debug|Any CPU
		{A6468F09-0572-486D-B4DF-8E05E787A70F}.Debug|x86.ActiveCfg = Debug|Any CPU
		{A6468F09-0572-486D-B4DF-8E05E787A70F}.Release|Any CPU.ActiveCfg = Release|Any CPU
		{A6468F09-0572-486D-B4DF-8E05E787A70F}.Release|Any CPU.Build.0 = Release|Any CPU
		{A6468F09-0572-486D-B4DF-8E05E787A70F}.Release|arm64.ActiveCfg = Release|Any CPU
		{A6468F09-0572-486D-B4DF-8E05E787A70F}.Release|Mixed Platforms.ActiveCfg = Release|Any CPU
		{A6468F09-0572-486D-B4DF-8E05E787A70F}.Release|Mixed Platforms.Build.0 = Release|Any CPU
		{A6468F09-0572-486D-B4DF-8E05E787A70F}.Release|x64.ActiveCfg = Release|Any CPU
		{A6468F09-0572-486D-B4DF-8E05E787A70F}.Release|x86.ActiveCfg = Release|Any CPU
		{78000272-E0DD-4B99-8DAA-34C1A01F22DB}.Debug|Any CPU.ActiveCfg = Debug|Any CPU
		{78000272-E0DD-4B99-8DAA-34C1A01F22DB}.Debug|Any CPU.Build.0 = Debug|Any CPU
		{78000272-E0DD-4B99-8DAA-34C1A01F22DB}.Debug|arm64.ActiveCfg = Debug|Any CPU
		{78000272-E0DD-4B99-8DAA-34C1A01F22DB}.Debug|Mixed Platforms.ActiveCfg = Debug|Any CPU
		{78000272-E0DD-4B99-8DAA-34C1A01F22DB}.Debug|Mixed Platforms.Build.0 = Debug|Any CPU
		{78000272-E0DD-4B99-8DAA-34C1A01F22DB}.Debug|x64.ActiveCfg = Debug|Any CPU
		{78000272-E0DD-4B99-8DAA-34C1A01F22DB}.Debug|x86.ActiveCfg = Debug|Any CPU
		{78000272-E0DD-4B99-8DAA-34C1A01F22DB}.Release|Any CPU.ActiveCfg = Release|Any CPU
		{78000272-E0DD-4B99-8DAA-34C1A01F22DB}.Release|Any CPU.Build.0 = Release|Any CPU
		{78000272-E0DD-4B99-8DAA-34C1A01F22DB}.Release|arm64.ActiveCfg = Release|Any CPU
		{78000272-E0DD-4B99-8DAA-34C1A01F22DB}.Release|Mixed Platforms.ActiveCfg = Release|Any CPU
		{78000272-E0DD-4B99-8DAA-34C1A01F22DB}.Release|Mixed Platforms.Build.0 = Release|Any CPU
		{78000272-E0DD-4B99-8DAA-34C1A01F22DB}.Release|x64.ActiveCfg = Release|Any CPU
		{78000272-E0DD-4B99-8DAA-34C1A01F22DB}.Release|x86.ActiveCfg = Release|Any CPU
		{D57466BE-97D8-41DA-89B5-D43FBF06B18F}.Debug|Any CPU.ActiveCfg = Debug|Any CPU
		{D57466BE-97D8-41DA-89B5-D43FBF06B18F}.Debug|Any CPU.Build.0 = Debug|Any CPU
		{D57466BE-97D8-41DA-89B5-D43FBF06B18F}.Debug|arm64.ActiveCfg = Debug|Any CPU
		{D57466BE-97D8-41DA-89B5-D43FBF06B18F}.Debug|Mixed Platforms.ActiveCfg = Debug|Any CPU
		{D57466BE-97D8-41DA-89B5-D43FBF06B18F}.Debug|Mixed Platforms.Build.0 = Debug|Any CPU
		{D57466BE-97D8-41DA-89B5-D43FBF06B18F}.Debug|x64.ActiveCfg = Debug|Any CPU
		{D57466BE-97D8-41DA-89B5-D43FBF06B18F}.Debug|x86.ActiveCfg = Debug|Any CPU
		{D57466BE-97D8-41DA-89B5-D43FBF06B18F}.Release|Any CPU.ActiveCfg = Release|Any CPU
		{D57466BE-97D8-41DA-89B5-D43FBF06B18F}.Release|Any CPU.Build.0 = Release|Any CPU
		{D57466BE-97D8-41DA-89B5-D43FBF06B18F}.Release|arm64.ActiveCfg = Release|Any CPU
		{D57466BE-97D8-41DA-89B5-D43FBF06B18F}.Release|Mixed Platforms.ActiveCfg = Release|Any CPU
		{D57466BE-97D8-41DA-89B5-D43FBF06B18F}.Release|Mixed Platforms.Build.0 = Release|Any CPU
		{D57466BE-97D8-41DA-89B5-D43FBF06B18F}.Release|x64.ActiveCfg = Release|Any CPU
		{D57466BE-97D8-41DA-89B5-D43FBF06B18F}.Release|x86.ActiveCfg = Release|Any CPU
		{7C2CCE0A-A288-4869-A7B7-CC0D18AF3B8C}.Debug|Any CPU.ActiveCfg = Debug|Any CPU
		{7C2CCE0A-A288-4869-A7B7-CC0D18AF3B8C}.Debug|Any CPU.Build.0 = Debug|Any CPU
		{7C2CCE0A-A288-4869-A7B7-CC0D18AF3B8C}.Debug|arm64.ActiveCfg = Debug|Any CPU
		{7C2CCE0A-A288-4869-A7B7-CC0D18AF3B8C}.Debug|Mixed Platforms.ActiveCfg = Debug|Any CPU
		{7C2CCE0A-A288-4869-A7B7-CC0D18AF3B8C}.Debug|Mixed Platforms.Build.0 = Debug|Any CPU
		{7C2CCE0A-A288-4869-A7B7-CC0D18AF3B8C}.Debug|x64.ActiveCfg = Debug|Any CPU
		{7C2CCE0A-A288-4869-A7B7-CC0D18AF3B8C}.Debug|x86.ActiveCfg = Debug|Any CPU
		{7C2CCE0A-A288-4869-A7B7-CC0D18AF3B8C}.Release|Any CPU.ActiveCfg = Release|Any CPU
		{7C2CCE0A-A288-4869-A7B7-CC0D18AF3B8C}.Release|Any CPU.Build.0 = Release|Any CPU
		{7C2CCE0A-A288-4869-A7B7-CC0D18AF3B8C}.Release|arm64.ActiveCfg = Release|Any CPU
		{7C2CCE0A-A288-4869-A7B7-CC0D18AF3B8C}.Release|Mixed Platforms.ActiveCfg = Release|Any CPU
		{7C2CCE0A-A288-4869-A7B7-CC0D18AF3B8C}.Release|Mixed Platforms.Build.0 = Release|Any CPU
		{7C2CCE0A-A288-4869-A7B7-CC0D18AF3B8C}.Release|x64.ActiveCfg = Release|Any CPU
		{7C2CCE0A-A288-4869-A7B7-CC0D18AF3B8C}.Release|x86.ActiveCfg = Release|Any CPU
		{45831BFC-9E0D-4530-B6B9-200E9D1494A1}.Debug|Any CPU.ActiveCfg = Debug|Any CPU
		{45831BFC-9E0D-4530-B6B9-200E9D1494A1}.Debug|Any CPU.Build.0 = Debug|Any CPU
		{45831BFC-9E0D-4530-B6B9-200E9D1494A1}.Debug|arm64.ActiveCfg = Debug|Any CPU
		{45831BFC-9E0D-4530-B6B9-200E9D1494A1}.Debug|arm64.Build.0 = Debug|Any CPU
		{45831BFC-9E0D-4530-B6B9-200E9D1494A1}.Debug|Mixed Platforms.ActiveCfg = Debug|Any CPU
		{45831BFC-9E0D-4530-B6B9-200E9D1494A1}.Debug|Mixed Platforms.Build.0 = Debug|Any CPU
		{45831BFC-9E0D-4530-B6B9-200E9D1494A1}.Debug|x64.ActiveCfg = Debug|Any CPU
		{45831BFC-9E0D-4530-B6B9-200E9D1494A1}.Debug|x64.Build.0 = Debug|Any CPU
		{45831BFC-9E0D-4530-B6B9-200E9D1494A1}.Debug|x86.ActiveCfg = Debug|Any CPU
		{45831BFC-9E0D-4530-B6B9-200E9D1494A1}.Debug|x86.Build.0 = Debug|Any CPU
		{45831BFC-9E0D-4530-B6B9-200E9D1494A1}.Release|Any CPU.ActiveCfg = Release|Any CPU
		{45831BFC-9E0D-4530-B6B9-200E9D1494A1}.Release|Any CPU.Build.0 = Release|Any CPU
		{45831BFC-9E0D-4530-B6B9-200E9D1494A1}.Release|arm64.ActiveCfg = Release|Any CPU
		{45831BFC-9E0D-4530-B6B9-200E9D1494A1}.Release|arm64.Build.0 = Release|Any CPU
		{45831BFC-9E0D-4530-B6B9-200E9D1494A1}.Release|Mixed Platforms.ActiveCfg = Release|Any CPU
		{45831BFC-9E0D-4530-B6B9-200E9D1494A1}.Release|Mixed Platforms.Build.0 = Release|Any CPU
		{45831BFC-9E0D-4530-B6B9-200E9D1494A1}.Release|x64.ActiveCfg = Release|Any CPU
		{45831BFC-9E0D-4530-B6B9-200E9D1494A1}.Release|x64.Build.0 = Release|Any CPU
		{45831BFC-9E0D-4530-B6B9-200E9D1494A1}.Release|x86.ActiveCfg = Release|Any CPU
		{45831BFC-9E0D-4530-B6B9-200E9D1494A1}.Release|x86.Build.0 = Release|Any CPU
		{DA4B99ED-C495-4EA6-A87A-056C979F69CF}.Debug|Any CPU.ActiveCfg = Debug|x86
		{DA4B99ED-C495-4EA6-A87A-056C979F69CF}.Debug|arm64.ActiveCfg = Debug|arm64
		{DA4B99ED-C495-4EA6-A87A-056C979F69CF}.Debug|arm64.Build.0 = Debug|arm64
		{DA4B99ED-C495-4EA6-A87A-056C979F69CF}.Debug|arm64.Deploy.0 = Debug|arm64
		{DA4B99ED-C495-4EA6-A87A-056C979F69CF}.Debug|Mixed Platforms.ActiveCfg = Debug|x86
		{DA4B99ED-C495-4EA6-A87A-056C979F69CF}.Debug|Mixed Platforms.Build.0 = Debug|x86
		{DA4B99ED-C495-4EA6-A87A-056C979F69CF}.Debug|Mixed Platforms.Deploy.0 = Debug|x86
		{DA4B99ED-C495-4EA6-A87A-056C979F69CF}.Debug|x64.ActiveCfg = Debug|x64
		{DA4B99ED-C495-4EA6-A87A-056C979F69CF}.Debug|x64.Build.0 = Debug|x64
		{DA4B99ED-C495-4EA6-A87A-056C979F69CF}.Debug|x64.Deploy.0 = Debug|x64
		{DA4B99ED-C495-4EA6-A87A-056C979F69CF}.Debug|x86.ActiveCfg = Debug|x86
		{DA4B99ED-C495-4EA6-A87A-056C979F69CF}.Debug|x86.Build.0 = Debug|x86
		{DA4B99ED-C495-4EA6-A87A-056C979F69CF}.Debug|x86.Deploy.0 = Debug|x86
		{DA4B99ED-C495-4EA6-A87A-056C979F69CF}.Release|Any CPU.ActiveCfg = Release|x86
		{DA4B99ED-C495-4EA6-A87A-056C979F69CF}.Release|arm64.ActiveCfg = Release|arm64
		{DA4B99ED-C495-4EA6-A87A-056C979F69CF}.Release|arm64.Build.0 = Release|arm64
		{DA4B99ED-C495-4EA6-A87A-056C979F69CF}.Release|arm64.Deploy.0 = Release|arm64
		{DA4B99ED-C495-4EA6-A87A-056C979F69CF}.Release|Mixed Platforms.ActiveCfg = Release|x86
		{DA4B99ED-C495-4EA6-A87A-056C979F69CF}.Release|Mixed Platforms.Build.0 = Release|x86
		{DA4B99ED-C495-4EA6-A87A-056C979F69CF}.Release|Mixed Platforms.Deploy.0 = Release|x86
		{DA4B99ED-C495-4EA6-A87A-056C979F69CF}.Release|x64.ActiveCfg = Release|x64
		{DA4B99ED-C495-4EA6-A87A-056C979F69CF}.Release|x64.Build.0 = Release|x64
		{DA4B99ED-C495-4EA6-A87A-056C979F69CF}.Release|x64.Deploy.0 = Release|x64
		{DA4B99ED-C495-4EA6-A87A-056C979F69CF}.Release|x86.ActiveCfg = Release|x86
		{DA4B99ED-C495-4EA6-A87A-056C979F69CF}.Release|x86.Build.0 = Release|x86
		{DA4B99ED-C495-4EA6-A87A-056C979F69CF}.Release|x86.Deploy.0 = Release|x86
		{F708285D-F7E3-4A97-9ECB-905E294BD2EA}.Debug|Any CPU.ActiveCfg = Debug|x86
		{F708285D-F7E3-4A97-9ECB-905E294BD2EA}.Debug|arm64.ActiveCfg = Debug|arm64
		{F708285D-F7E3-4A97-9ECB-905E294BD2EA}.Debug|arm64.Build.0 = Debug|arm64
		{F708285D-F7E3-4A97-9ECB-905E294BD2EA}.Debug|Mixed Platforms.ActiveCfg = Debug|x86
		{F708285D-F7E3-4A97-9ECB-905E294BD2EA}.Debug|Mixed Platforms.Build.0 = Debug|x86
		{F708285D-F7E3-4A97-9ECB-905E294BD2EA}.Debug|x64.ActiveCfg = Debug|x64
		{F708285D-F7E3-4A97-9ECB-905E294BD2EA}.Debug|x64.Build.0 = Debug|x64
		{F708285D-F7E3-4A97-9ECB-905E294BD2EA}.Debug|x86.ActiveCfg = Debug|x86
		{F708285D-F7E3-4A97-9ECB-905E294BD2EA}.Debug|x86.Build.0 = Debug|x86
		{F708285D-F7E3-4A97-9ECB-905E294BD2EA}.Release|Any CPU.ActiveCfg = Release|x86
		{F708285D-F7E3-4A97-9ECB-905E294BD2EA}.Release|arm64.ActiveCfg = Release|arm64
		{F708285D-F7E3-4A97-9ECB-905E294BD2EA}.Release|arm64.Build.0 = Release|arm64
		{F708285D-F7E3-4A97-9ECB-905E294BD2EA}.Release|Mixed Platforms.ActiveCfg = Release|x86
		{F708285D-F7E3-4A97-9ECB-905E294BD2EA}.Release|Mixed Platforms.Build.0 = Release|x86
		{F708285D-F7E3-4A97-9ECB-905E294BD2EA}.Release|x64.ActiveCfg = Release|x64
		{F708285D-F7E3-4A97-9ECB-905E294BD2EA}.Release|x64.Build.0 = Release|x64
		{F708285D-F7E3-4A97-9ECB-905E294BD2EA}.Release|x86.ActiveCfg = Release|x86
		{F708285D-F7E3-4A97-9ECB-905E294BD2EA}.Release|x86.Build.0 = Release|x86
	EndGlobalSection
	GlobalSection(SolutionProperties) = preSolution
		HideSolutionNode = FALSE
	EndGlobalSection
	GlobalSection(ExtensibilityGlobals) = postSolution
		SolutionGuid = {848CD9EC-CF75-4CC7-8425-14C2709A3658}
	EndGlobalSection
EndGlobal
