
Microsoft Visual Studio Solution File, Format Version 12.00
# Visual Studio Version 16
VisualStudioVersion = 16.0.31220.234
MinimumVisualStudioVersion = 10.0.40219.1
Project("{FAE04EC0-301F-11D3-BF4B-00C04F79EFBC}") = "SmoothTranscode", "SmoothTranscode\SmoothTranscode.csproj", "{2BE418FC-333A-4726-9A38-B5A456D222B7}"
	ProjectSection(ProjectDependencies) = postProject
		{A6468F09-0572-486D-B4DF-8E05E787A70F} = {A6468F09-0572-486D-B4DF-8E05E787A70F}
		{D57466BE-97D8-41DA-89B5-D43FBF06B18F} = {D57466BE-97D8-41DA-89B5-D43FBF06B18F}
	EndProjectSection
EndProject
Project("{FAE04EC0-301F-11D3-BF4B-00C04F79EFBC}") = "Help", "Help\Help.csproj", "{A6468F09-0572-486D-B4DF-8E05E787A70F}"
EndProject
Project("{FAE04EC0-301F-11D3-BF4B-00C04F79EFBC}") = "Renderers", "Renderers\Renderers.csproj", "{78000272-E0DD-4B99-8DAA-34C1A01F22DB}"
EndProject
Project("{FAE04EC0-301F-11D3-BF4B-00C04F79EFBC}") = "LinkLabel2", "LinkLabel2\LinkLabel2.csproj", "{D57466BE-97D8-41DA-89B5-D43FBF06B18F}"
EndProject
Project("{FAE04EC0-301F-11D3-BF4B-00C04F79EFBC}") = "Windows7ProgressBar", "Windows7ProgressBar\Windows7ProgressBar.csproj", "{7C2CCE0A-A288-4869-A7B7-CC0D18AF3B8C}"
EndProject
Project("{2150E333-8FDC-42A3-9474-1A3956D46DE8}") = "Solution Items", "Solution Items", "{DBB47E20-42A0-45A7-BE50-6F58F7CE5B4C}"
	ProjectSection(SolutionItems) = preProject
		.editorconfig = .editorconfig
		.gitattributes = .gitattributes
		.gitignore = .gitignore
		Changelog.md = Changelog.md
		Directory.Build.targets = Directory.Build.targets
		Installer\DotNetVer.nsh = Installer\DotNetVer.nsh
		LICENSE.md = LICENSE.md
		native-build.sh = native-build.sh
		README.md = README.md
		Installer\Setup.nsi = Installer\Setup.nsi
	EndProjectSection
EndProject
Project("{FAE04EC0-301F-11D3-BF4B-00C04F79EFBC}") = "SmoothTranscode.Mac", "SmoothTranscode.Mac\SmoothTranscode.Mac.csproj", "{27416909-0C9E-4B91-B79C-16857A640137}"
EndProject
Project("{D954291E-2A0B-460D-934E-DC6B0785DB48}") = "SmoothTranscode.Shared", "SmoothTranscode.Shared\SmoothTranscode.Shared.shproj", "{3317D35C-9582-4E4C-A2D1-413F3DD79A28}"
EndProject
Project("{9A19103F-16F7-4668-BE54-9A1E7A4F7556}") = "SmoothTranscode.Windows", "SmoothTranscode.Windows\SmoothTranscode.Windows.csproj", "{E1D49B9B-AFCC-40CD-8034-EEE3A3D07877}"
EndProject
Project("{9A19103F-16F7-4668-BE54-9A1E7A4F7556}") = "SmoothTranscode.Maui", "SmoothTranscode.Maui\SmoothTranscode.Maui.csproj", "{EC9A5AFC-00DC-4E11-833B-14A62DC2D90B}"
EndProject
Project("{9A19103F-16F7-4668-BE54-9A1E7A4F7556}") = "SmoothTranscode.Maui.WinUI", "SmoothTranscode.Maui.WinUI\SmoothTranscode.Maui.WinUI.csproj", "{951B74AC-6C2C-4108-A519-F8F466177F55}"
EndProject
Project("{D954291E-2A0B-460D-934E-DC6B0785DB48}") = "SmoothTranscode.Shared.Forms", "SmoothTranscode.Shared.Forms\SmoothTranscode.Shared.Forms.shproj", "{57DD1123-2EBB-444A-8E54-6073FC033ABD}"
EndProject
Global
	GlobalSection(SharedMSBuildProjectFiles) = preSolution
		SmoothTranscode.Shared.Forms\SmoothTranscode.Shared.Forms.projitems*{27416909-0c9e-4b91-b79c-16857a640137}*SharedItemsImports = 4
		SmoothTranscode.Shared\SmoothTranscode.Shared.projitems*{27416909-0c9e-4b91-b79c-16857a640137}*SharedItemsImports = 4
		SmoothTranscode.Shared\SmoothTranscode.Shared.projitems*{3317d35c-9582-4e4c-a2d1-413f3dd79a28}*SharedItemsImports = 13
		SmoothTranscode.Shared.Forms\SmoothTranscode.Shared.Forms.projitems*{57dd1123-2ebb-444a-8e54-6073fc033abd}*SharedItemsImports = 13
		SmoothTranscode.Shared\SmoothTranscode.Shared.projitems*{951b74ac-6c2c-4108-a519-f8f466177f55}*SharedItemsImports = 5
		SmoothTranscode.Shared.Forms\SmoothTranscode.Shared.Forms.projitems*{e1d49b9b-afcc-40cd-8034-eee3a3d07877}*SharedItemsImports = 5
		SmoothTranscode.Shared\SmoothTranscode.Shared.projitems*{e1d49b9b-afcc-40cd-8034-eee3a3d07877}*SharedItemsImports = 5
		SmoothTranscode.Shared\SmoothTranscode.Shared.projitems*{ec9a5afc-00dc-4e11-833b-14a62dc2d90b}*SharedItemsImports = 5
	EndGlobalSection
	GlobalSection(SolutionConfigurationPlatforms) = preSolution
		Debug|Any CPU = Debug|Any CPU
		Debug|Mixed Platforms = Debug|Mixed Platforms
		Debug|x86 = Debug|x86
		Release|Any CPU = Release|Any CPU
		Release|Mixed Platforms = Release|Mixed Platforms
		Release|x86 = Release|x86
	EndGlobalSection
	GlobalSection(ProjectConfigurationPlatforms) = postSolution
		{2BE418FC-333A-4726-9A38-B5A456D222B7}.Debug|Any CPU.ActiveCfg = Debug|Any CPU
		{2BE418FC-333A-4726-9A38-B5A456D222B7}.Debug|Any CPU.Build.0 = Debug|Any CPU
		{2BE418FC-333A-4726-9A38-B5A456D222B7}.Debug|Mixed Platforms.ActiveCfg = Debug|Any CPU
		{2BE418FC-333A-4726-9A38-B5A456D222B7}.Debug|Mixed Platforms.Build.0 = Debug|Any CPU
		{2BE418FC-333A-4726-9A38-B5A456D222B7}.Debug|x86.ActiveCfg = Debug|Any CPU
		{2BE418FC-333A-4726-9A38-B5A456D222B7}.Release|Any CPU.ActiveCfg = Release|Any CPU
		{2BE418FC-333A-4726-9A38-B5A456D222B7}.Release|Any CPU.Build.0 = Release|Any CPU
		{2BE418FC-333A-4726-9A38-B5A456D222B7}.Release|Mixed Platforms.ActiveCfg = Release|Any CPU
		{2BE418FC-333A-4726-9A38-B5A456D222B7}.Release|Mixed Platforms.Build.0 = Release|Any CPU
		{2BE418FC-333A-4726-9A38-B5A456D222B7}.Release|x86.ActiveCfg = Release|Any CPU
		{A6468F09-0572-486D-B4DF-8E05E787A70F}.Debug|Any CPU.ActiveCfg = Debug|Any CPU
		{A6468F09-0572-486D-B4DF-8E05E787A70F}.Debug|Any CPU.Build.0 = Debug|Any CPU
		{A6468F09-0572-486D-B4DF-8E05E787A70F}.Debug|Mixed Platforms.ActiveCfg = Debug|Any CPU
		{A6468F09-0572-486D-B4DF-8E05E787A70F}.Debug|Mixed Platforms.Build.0 = Debug|Any CPU
		{A6468F09-0572-486D-B4DF-8E05E787A70F}.Debug|x86.ActiveCfg = Debug|Any CPU
		{A6468F09-0572-486D-B4DF-8E05E787A70F}.Release|Any CPU.ActiveCfg = Release|Any CPU
		{A6468F09-0572-486D-B4DF-8E05E787A70F}.Release|Any CPU.Build.0 = Release|Any CPU
		{A6468F09-0572-486D-B4DF-8E05E787A70F}.Release|Mixed Platforms.ActiveCfg = Release|Any CPU
		{A6468F09-0572-486D-B4DF-8E05E787A70F}.Release|Mixed Platforms.Build.0 = Release|Any CPU
		{A6468F09-0572-486D-B4DF-8E05E787A70F}.Release|x86.ActiveCfg = Release|Any CPU
		{78000272-E0DD-4B99-8DAA-34C1A01F22DB}.Debug|Any CPU.ActiveCfg = Debug|Any CPU
		{78000272-E0DD-4B99-8DAA-34C1A01F22DB}.Debug|Any CPU.Build.0 = Debug|Any CPU
		{78000272-E0DD-4B99-8DAA-34C1A01F22DB}.Debug|Mixed Platforms.ActiveCfg = Debug|Any CPU
		{78000272-E0DD-4B99-8DAA-34C1A01F22DB}.Debug|Mixed Platforms.Build.0 = Debug|Any CPU
		{78000272-E0DD-4B99-8DAA-34C1A01F22DB}.Debug|x86.ActiveCfg = Debug|Any CPU
		{78000272-E0DD-4B99-8DAA-34C1A01F22DB}.Release|Any CPU.ActiveCfg = Release|Any CPU
		{78000272-E0DD-4B99-8DAA-34C1A01F22DB}.Release|Any CPU.Build.0 = Release|Any CPU
		{78000272-E0DD-4B99-8DAA-34C1A01F22DB}.Release|Mixed Platforms.ActiveCfg = Release|Any CPU
		{78000272-E0DD-4B99-8DAA-34C1A01F22DB}.Release|Mixed Platforms.Build.0 = Release|Any CPU
		{78000272-E0DD-4B99-8DAA-34C1A01F22DB}.Release|x86.ActiveCfg = Release|Any CPU
		{D57466BE-97D8-41DA-89B5-D43FBF06B18F}.Debug|Any CPU.ActiveCfg = Debug|Any CPU
		{D57466BE-97D8-41DA-89B5-D43FBF06B18F}.Debug|Any CPU.Build.0 = Debug|Any CPU
		{D57466BE-97D8-41DA-89B5-D43FBF06B18F}.Debug|Mixed Platforms.ActiveCfg = Debug|Any CPU
		{D57466BE-97D8-41DA-89B5-D43FBF06B18F}.Debug|Mixed Platforms.Build.0 = Debug|Any CPU
		{D57466BE-97D8-41DA-89B5-D43FBF06B18F}.Debug|x86.ActiveCfg = Debug|Any CPU
		{D57466BE-97D8-41DA-89B5-D43FBF06B18F}.Release|Any CPU.ActiveCfg = Release|Any CPU
		{D57466BE-97D8-41DA-89B5-D43FBF06B18F}.Release|Any CPU.Build.0 = Release|Any CPU
		{D57466BE-97D8-41DA-89B5-D43FBF06B18F}.Release|Mixed Platforms.ActiveCfg = Release|Any CPU
		{D57466BE-97D8-41DA-89B5-D43FBF06B18F}.Release|Mixed Platforms.Build.0 = Release|Any CPU
		{D57466BE-97D8-41DA-89B5-D43FBF06B18F}.Release|x86.ActiveCfg = Release|Any CPU
		{7C2CCE0A-A288-4869-A7B7-CC0D18AF3B8C}.Debug|Any CPU.ActiveCfg = Debug|Any CPU
		{7C2CCE0A-A288-4869-A7B7-CC0D18AF3B8C}.Debug|Any CPU.Build.0 = Debug|Any CPU
		{7C2CCE0A-A288-4869-A7B7-CC0D18AF3B8C}.Debug|Mixed Platforms.ActiveCfg = Debug|Any CPU
		{7C2CCE0A-A288-4869-A7B7-CC0D18AF3B8C}.Debug|Mixed Platforms.Build.0 = Debug|Any CPU
		{7C2CCE0A-A288-4869-A7B7-CC0D18AF3B8C}.Debug|x86.ActiveCfg = Debug|Any CPU
		{7C2CCE0A-A288-4869-A7B7-CC0D18AF3B8C}.Release|Any CPU.ActiveCfg = Release|Any CPU
		{7C2CCE0A-A288-4869-A7B7-CC0D18AF3B8C}.Release|Any CPU.Build.0 = Release|Any CPU
		{7C2CCE0A-A288-4869-A7B7-CC0D18AF3B8C}.Release|Mixed Platforms.ActiveCfg = Release|Any CPU
		{7C2CCE0A-A288-4869-A7B7-CC0D18AF3B8C}.Release|Mixed Platforms.Build.0 = Release|Any CPU
		{7C2CCE0A-A288-4869-A7B7-CC0D18AF3B8C}.Release|x86.ActiveCfg = Release|Any CPU
		{27416909-0C9E-4B91-B79C-16857A640137}.Debug|Any CPU.ActiveCfg = Debug|Any CPU
		{27416909-0C9E-4B91-B79C-16857A640137}.Debug|Any CPU.Build.0 = Debug|Any CPU
		{27416909-0C9E-4B91-B79C-16857A640137}.Debug|Mixed Platforms.ActiveCfg = Debug|Any CPU
		{27416909-0C9E-4B91-B79C-16857A640137}.Debug|Mixed Platforms.Build.0 = Debug|Any CPU
		{27416909-0C9E-4B91-B79C-16857A640137}.Debug|x86.ActiveCfg = Debug|Any CPU
		{27416909-0C9E-4B91-B79C-16857A640137}.Debug|x86.Build.0 = Debug|Any CPU
		{27416909-0C9E-4B91-B79C-16857A640137}.Release|Any CPU.ActiveCfg = Release|Any CPU
		{27416909-0C9E-4B91-B79C-16857A640137}.Release|Any CPU.Build.0 = Release|Any CPU
		{27416909-0C9E-4B91-B79C-16857A640137}.Release|Mixed Platforms.ActiveCfg = Release|Any CPU
		{27416909-0C9E-4B91-B79C-16857A640137}.Release|Mixed Platforms.Build.0 = Release|Any CPU
		{27416909-0C9E-4B91-B79C-16857A640137}.Release|x86.ActiveCfg = Release|Any CPU
		{27416909-0C9E-4B91-B79C-16857A640137}.Release|x86.Build.0 = Release|Any CPU
		{E1D49B9B-AFCC-40CD-8034-EEE3A3D07877}.Debug|Any CPU.ActiveCfg = Debug|Any CPU
		{E1D49B9B-AFCC-40CD-8034-EEE3A3D07877}.Debug|Any CPU.Build.0 = Debug|Any CPU
		{E1D49B9B-AFCC-40CD-8034-EEE3A3D07877}.Debug|Mixed Platforms.ActiveCfg = Debug|Any CPU
		{E1D49B9B-AFCC-40CD-8034-EEE3A3D07877}.Debug|Mixed Platforms.Build.0 = Debug|Any CPU
		{E1D49B9B-AFCC-40CD-8034-EEE3A3D07877}.Debug|x86.ActiveCfg = Debug|Any CPU
		{E1D49B9B-AFCC-40CD-8034-EEE3A3D07877}.Debug|x86.Build.0 = Debug|Any CPU
		{E1D49B9B-AFCC-40CD-8034-EEE3A3D07877}.Release|Any CPU.ActiveCfg = Release|Any CPU
		{E1D49B9B-AFCC-40CD-8034-EEE3A3D07877}.Release|Any CPU.Build.0 = Release|Any CPU
		{E1D49B9B-AFCC-40CD-8034-EEE3A3D07877}.Release|Mixed Platforms.ActiveCfg = Release|Any CPU
		{E1D49B9B-AFCC-40CD-8034-EEE3A3D07877}.Release|Mixed Platforms.Build.0 = Release|Any CPU
		{E1D49B9B-AFCC-40CD-8034-EEE3A3D07877}.Release|x86.ActiveCfg = Release|Any CPU
		{E1D49B9B-AFCC-40CD-8034-EEE3A3D07877}.Release|x86.Build.0 = Release|Any CPU
		{EC9A5AFC-00DC-4E11-833B-14A62DC2D90B}.Debug|Any CPU.ActiveCfg = Debug|Any CPU
		{EC9A5AFC-00DC-4E11-833B-14A62DC2D90B}.Debug|Any CPU.Build.0 = Debug|Any CPU
		{EC9A5AFC-00DC-4E11-833B-14A62DC2D90B}.Debug|Any CPU.Deploy.0 = Debug|Any CPU
		{EC9A5AFC-00DC-4E11-833B-14A62DC2D90B}.Debug|Mixed Platforms.ActiveCfg = Debug|Any CPU
		{EC9A5AFC-00DC-4E11-833B-14A62DC2D90B}.Debug|Mixed Platforms.Build.0 = Debug|Any CPU
		{EC9A5AFC-00DC-4E11-833B-14A62DC2D90B}.Debug|x86.ActiveCfg = Debug|Any CPU
		{EC9A5AFC-00DC-4E11-833B-14A62DC2D90B}.Debug|x86.Build.0 = Debug|Any CPU
		{EC9A5AFC-00DC-4E11-833B-14A62DC2D90B}.Debug|x86.Deploy.0 = Debug|Any CPU
		{EC9A5AFC-00DC-4E11-833B-14A62DC2D90B}.Release|Any CPU.ActiveCfg = Release|Any CPU
		{EC9A5AFC-00DC-4E11-833B-14A62DC2D90B}.Release|Any CPU.Build.0 = Release|Any CPU
		{EC9A5AFC-00DC-4E11-833B-14A62DC2D90B}.Release|Any CPU.Deploy.0 = Release|Any CPU
		{EC9A5AFC-00DC-4E11-833B-14A62DC2D90B}.Release|Mixed Platforms.ActiveCfg = Release|Any CPU
		{EC9A5AFC-00DC-4E11-833B-14A62DC2D90B}.Release|Mixed Platforms.Build.0 = Release|Any CPU
		{EC9A5AFC-00DC-4E11-833B-14A62DC2D90B}.Release|x86.ActiveCfg = Release|Any CPU
		{EC9A5AFC-00DC-4E11-833B-14A62DC2D90B}.Release|x86.Build.0 = Release|Any CPU
		{EC9A5AFC-00DC-4E11-833B-14A62DC2D90B}.Release|x86.Deploy.0 = Release|Any CPU
		{951B74AC-6C2C-4108-A519-F8F466177F55}.Debug|Any CPU.ActiveCfg = Debug|Any CPU
		{951B74AC-6C2C-4108-A519-F8F466177F55}.Debug|Any CPU.Build.0 = Debug|Any CPU
		{951B74AC-6C2C-4108-A519-F8F466177F55}.Debug|Any CPU.Deploy.0 = Debug|Any CPU
		{951B74AC-6C2C-4108-A519-F8F466177F55}.Debug|Mixed Platforms.ActiveCfg = Debug|Any CPU
		{951B74AC-6C2C-4108-A519-F8F466177F55}.Debug|Mixed Platforms.Build.0 = Debug|Any CPU
		{951B74AC-6C2C-4108-A519-F8F466177F55}.Debug|x86.ActiveCfg = Debug|Any CPU
		{951B74AC-6C2C-4108-A519-F8F466177F55}.Debug|x86.Build.0 = Debug|Any CPU
		{951B74AC-6C2C-4108-A519-F8F466177F55}.Release|Any CPU.ActiveCfg = Release|Any CPU
		{951B74AC-6C2C-4108-A519-F8F466177F55}.Release|Mixed Platforms.ActiveCfg = Release|Any CPU
		{951B74AC-6C2C-4108-A519-F8F466177F55}.Release|Mixed Platforms.Build.0 = Release|Any CPU
		{951B74AC-6C2C-4108-A519-F8F466177F55}.Release|x86.ActiveCfg = Release|Any CPU
		{951B74AC-6C2C-4108-A519-F8F466177F55}.Release|x86.Build.0 = Release|Any CPU
	EndGlobalSection
	GlobalSection(SolutionProperties) = preSolution
		HideSolutionNode = FALSE
	EndGlobalSection
	GlobalSection(ExtensibilityGlobals) = postSolution
		SolutionGuid = {BAD27C76-DF57-4324-8AEF-CBA9629CC29C}
	EndGlobalSection
EndGlobal
