
Microsoft Visual Studio Solution File, Format Version 12.00
# Visual Studio 2013
VisualStudioVersion = 12.0.30501.0
MinimumVisualStudioVersion = 10.0.40219.1
Project("{2150E333-8FDC-42A3-9474-1A3956D46DE8}") = "Solution Items", "Solution Items", "{DBB47E20-42A0-45A7-BE50-6F58F7CE5B4C}"
	ProjectSection(SolutionItems) = preProject
		CHANGELOG.md = CHANGELOG.md
		Installer\DotNetVer.nsh = Installer\DotNetVer.nsh
		README.md = README.md
		Installer\Setup.nsi = Installer\Setup.nsi
	EndProjectSection
EndProject
Project("{930C7802-8A8C-48F9-8165-68863BCCD9DD}") = "Setup", "src\Setup\Setup.wixproj", "{FC8EE97D-0243-4FA2-8F4F-51F7DC7526BF}"
	ProjectSection(ProjectDependencies) = postProject
		{78D9531D-20F4-4200-8CCD-667246FD0951} = {78D9531D-20F4-4200-8CCD-667246FD0951}
		{8FA04862-9178-4823-A760-C0D8DC1562A2} = {8FA04862-9178-4823-A760-C0D8DC1562A2}
	EndProjectSection
EndProject
Project("{FAE04EC0-301F-11D3-BF4B-00C04F79EFBC}") = "Engine", "src\Engine\Engine.csproj", "{EDDAFAA3-9E64-4CE7-AAD4-7A321F0710A4}"
EndProject
Project("{FAE04EC0-301F-11D3-BF4B-00C04F79EFBC}") = "App", "src\App\App.csproj", "{8A6DADFC-C233-4964-A652-2EE5DBBFDDB2}"
EndProject
Global
	GlobalSection(SolutionConfigurationPlatforms) = preSolution
		Debug|Any CPU = Debug|Any CPU
		Debug|Mixed Platforms = Debug|Mixed Platforms
		Debug|x86 = Debug|x86
		Release|Any CPU = Release|Any CPU
		Release|Mixed Platforms = Release|Mixed Platforms
		Release|x86 = Release|x86
	EndGlobalSection
	GlobalSection(ProjectConfigurationPlatforms) = postSolution
		{FC8EE97D-0243-4FA2-8F4F-51F7DC7526BF}.Debug|Any CPU.ActiveCfg = Debug|x86
		{FC8EE97D-0243-4FA2-8F4F-51F7DC7526BF}.Debug|Mixed Platforms.ActiveCfg = Debug|x86
		{FC8EE97D-0243-4FA2-8F4F-51F7DC7526BF}.Debug|Mixed Platforms.Build.0 = Debug|x86
		{FC8EE97D-0243-4FA2-8F4F-51F7DC7526BF}.Debug|x86.ActiveCfg = Debug|x86
		{FC8EE97D-0243-4FA2-8F4F-51F7DC7526BF}.Debug|x86.Build.0 = Debug|x86
		{FC8EE97D-0243-4FA2-8F4F-51F7DC7526BF}.Release|Any CPU.ActiveCfg = Release|x86
		{FC8EE97D-0243-4FA2-8F4F-51F7DC7526BF}.Release|Mixed Platforms.ActiveCfg = Release|x86
		{FC8EE97D-0243-4FA2-8F4F-51F7DC7526BF}.Release|Mixed Platforms.Build.0 = Release|x86
		{FC8EE97D-0243-4FA2-8F4F-51F7DC7526BF}.Release|x86.ActiveCfg = Release|x86
		{FC8EE97D-0243-4FA2-8F4F-51F7DC7526BF}.Release|x86.Build.0 = Release|x86
		{EDDAFAA3-9E64-4CE7-AAD4-7A321F0710A4}.Debug|Any CPU.ActiveCfg = Debug|Any CPU
		{EDDAFAA3-9E64-4CE7-AAD4-7A321F0710A4}.Debug|Any CPU.Build.0 = Debug|Any CPU
		{EDDAFAA3-9E64-4CE7-AAD4-7A321F0710A4}.Debug|Mixed Platforms.ActiveCfg = Debug|Any CPU
		{EDDAFAA3-9E64-4CE7-AAD4-7A321F0710A4}.Debug|Mixed Platforms.Build.0 = Debug|Any CPU
		{EDDAFAA3-9E64-4CE7-AAD4-7A321F0710A4}.Debug|x86.ActiveCfg = Debug|Any CPU
		{EDDAFAA3-9E64-4CE7-AAD4-7A321F0710A4}.Debug|x86.Build.0 = Debug|Any CPU
		{EDDAFAA3-9E64-4CE7-AAD4-7A321F0710A4}.Release|Any CPU.ActiveCfg = Release|Any CPU
		{EDDAFAA3-9E64-4CE7-AAD4-7A321F0710A4}.Release|Any CPU.Build.0 = Release|Any CPU
		{EDDAFAA3-9E64-4CE7-AAD4-7A321F0710A4}.Release|Mixed Platforms.ActiveCfg = Release|Any CPU
		{EDDAFAA3-9E64-4CE7-AAD4-7A321F0710A4}.Release|Mixed Platforms.Build.0 = Release|Any CPU
		{EDDAFAA3-9E64-4CE7-AAD4-7A321F0710A4}.Release|x86.ActiveCfg = Release|Any CPU
		{EDDAFAA3-9E64-4CE7-AAD4-7A321F0710A4}.Release|x86.Build.0 = Release|Any CPU
		{8A6DADFC-C233-4964-A652-2EE5DBBFDDB2}.Debug|Any CPU.ActiveCfg = Debug|Any CPU
		{8A6DADFC-C233-4964-A652-2EE5DBBFDDB2}.Debug|Any CPU.Build.0 = Debug|Any CPU
		{8A6DADFC-C233-4964-A652-2EE5DBBFDDB2}.Debug|Mixed Platforms.ActiveCfg = Debug|Any CPU
		{8A6DADFC-C233-4964-A652-2EE5DBBFDDB2}.Debug|Mixed Platforms.Build.0 = Debug|Any CPU
		{8A6DADFC-C233-4964-A652-2EE5DBBFDDB2}.Debug|x86.ActiveCfg = Debug|Any CPU
		{8A6DADFC-C233-4964-A652-2EE5DBBFDDB2}.Debug|x86.Build.0 = Debug|Any CPU
		{8A6DADFC-C233-4964-A652-2EE5DBBFDDB2}.Release|Any CPU.ActiveCfg = Release|Any CPU
		{8A6DADFC-C233-4964-A652-2EE5DBBFDDB2}.Release|Any CPU.Build.0 = Release|Any CPU
		{8A6DADFC-C233-4964-A652-2EE5DBBFDDB2}.Release|Mixed Platforms.ActiveCfg = Release|Any CPU
		{8A6DADFC-C233-4964-A652-2EE5DBBFDDB2}.Release|Mixed Platforms.Build.0 = Release|Any CPU
		{8A6DADFC-C233-4964-A652-2EE5DBBFDDB2}.Release|x86.ActiveCfg = Release|Any CPU
		{8A6DADFC-C233-4964-A652-2EE5DBBFDDB2}.Release|x86.Build.0 = Release|Any CPU
	EndGlobalSection
	GlobalSection(SolutionProperties) = preSolution
		HideSolutionNode = FALSE
	EndGlobalSection
EndGlobal
